
Microsoft Visual Studio Solution File, Format Version 12.00
# Visual Studio Version 17
VisualStudioVersion = 17.0.31808.319
MinimumVisualStudioVersion = 10.0.40219.1
Project("{9A19103F-16F7-4668-BE54-9A1E7A4F7556}") = "LuckyClover", "LuckyClover\LuckyClover.csproj", "{F1A1DD43-A06A-4ADD-8303-D33310CB0ED3}"
EndProject
Project("{2150E333-8FDC-42A3-9474-1A3956D46DE8}") = "Others", "Others", "{52E5A57E-B956-4885-93AA-BE4E119ACFA3}"
	ProjectSection(SolutionItems) = preProject
		Readme.MD = Readme.MD
	EndProjectSection
EndProject
Project("{8BC9CEB8-8B4A-11D0-8D11-00A0C91BC942}") = "Clover", "Clover\Clover.vcxproj", "{8A06ED40-1CEA-4217-868E-050970F7ACEB}"
EndProject
Project("{8BC9CEB8-8B4A-11D0-8D11-00A0C91BC942}") = "CloverLinux", "CloverLinux\CloverLinux.vcxproj", "{9F1E9996-58AA-4148-A809-2E12D67D236B}"
EndProject
Project("{FAE04EC0-301F-11D3-BF4B-00C04F79EFBC}") = "Installer", "Installer\Installer.csproj", "{12503268-DD9B-4A68-B53C-EDCD71F2D485}"
EndProject
Project("{9A19103F-16F7-4668-BE54-9A1E7A4F7556}") = "Installer4", "Installer4\Installer4.csproj", "{6E9F5946-AA92-4B5C-9FBD-5DCB68D6B47D}"
EndProject
Project("{9A19103F-16F7-4668-BE54-9A1E7A4F7556}") = "Installer45", "Installer45\Installer45.csproj", "{F069422D-992B-4979-922A-D29C19673570}"
EndProject
Project("{2150E333-8FDC-42A3-9474-1A3956D46DE8}") = "Scripts", "Scripts", "{02EA681E-C7D8-13C7-8484-4AC65E1B71E8}"
	ProjectSection(SolutionItems) = preProject
		Scripts\net.sh = Scripts\net.sh
		Scripts\net31.sh = Scripts\net31.sh
		Scripts\net6.sh = Scripts\net6.sh
		Scripts\net7.sh = Scripts\net7.sh
		Scripts\net8.sh = Scripts\net8.sh
		Scripts\net9.sh = Scripts\net9.sh
	EndProjectSection
EndProject
Global
	GlobalSection(SolutionConfigurationPlatforms) = preSolution
		Debug|Any CPU = Debug|Any CPU
		Debug|ARM = Debug|ARM
		Debug|ARM64 = Debug|ARM64
		Debug|x64 = Debug|x64
		Debug|x86 = Debug|x86
		Release|Any CPU = Release|Any CPU
		Release|ARM = Release|ARM
		Release|ARM64 = Release|ARM64
		Release|x64 = Release|x64
		Release|x86 = Release|x86
	EndGlobalSection
	GlobalSection(ProjectConfigurationPlatforms) = postSolution
		{F1A1DD43-A06A-4ADD-8303-D33310CB0ED3}.Debug|Any CPU.ActiveCfg = Debug|Any CPU
		{F1A1DD43-A06A-4ADD-8303-D33310CB0ED3}.Debug|Any CPU.Build.0 = Debug|Any CPU
		{F1A1DD43-A06A-4ADD-8303-D33310CB0ED3}.Debug|ARM.ActiveCfg = Debug|Any CPU
		{F1A1DD43-A06A-4ADD-8303-D33310CB0ED3}.Debug|ARM.Build.0 = Debug|Any CPU
		{F1A1DD43-A06A-4ADD-8303-D33310CB0ED3}.Debug|ARM64.ActiveCfg = Debug|Any CPU
		{F1A1DD43-A06A-4ADD-8303-D33310CB0ED3}.Debug|ARM64.Build.0 = Debug|Any CPU
		{F1A1DD43-A06A-4ADD-8303-D33310CB0ED3}.Debug|x64.ActiveCfg = Debug|Any CPU
		{F1A1DD43-A06A-4ADD-8303-D33310CB0ED3}.Debug|x64.Build.0 = Debug|Any CPU
		{F1A1DD43-A06A-4ADD-8303-D33310CB0ED3}.Debug|x86.ActiveCfg = Debug|Any CPU
		{F1A1DD43-A06A-4ADD-8303-D33310CB0ED3}.Debug|x86.Build.0 = Debug|Any CPU
		{F1A1DD43-A06A-4ADD-8303-D33310CB0ED3}.Release|Any CPU.ActiveCfg = Release|Any CPU
		{F1A1DD43-A06A-4ADD-8303-D33310CB0ED3}.Release|Any CPU.Build.0 = Release|Any CPU
		{F1A1DD43-A06A-4ADD-8303-D33310CB0ED3}.Release|ARM.ActiveCfg = Release|Any CPU
		{F1A1DD43-A06A-4ADD-8303-D33310CB0ED3}.Release|ARM.Build.0 = Release|Any CPU
		{F1A1DD43-A06A-4ADD-8303-D33310CB0ED3}.Release|ARM64.ActiveCfg = Release|Any CPU
		{F1A1DD43-A06A-4ADD-8303-D33310CB0ED3}.Release|ARM64.Build.0 = Release|Any CPU
		{F1A1DD43-A06A-4ADD-8303-D33310CB0ED3}.Release|x64.ActiveCfg = Release|Any CPU
		{F1A1DD43-A06A-4ADD-8303-D33310CB0ED3}.Release|x64.Build.0 = Release|Any CPU
		{F1A1DD43-A06A-4ADD-8303-D33310CB0ED3}.Release|x86.ActiveCfg = Release|Any CPU
		{F1A1DD43-A06A-4ADD-8303-D33310CB0ED3}.Release|x86.Build.0 = Release|Any CPU
		{8A06ED40-1CEA-4217-868E-050970F7ACEB}.Debug|Any CPU.ActiveCfg = Debug|x64
		{8A06ED40-1CEA-4217-868E-050970F7ACEB}.Debug|Any CPU.Build.0 = Debug|x64
		{8A06ED40-1CEA-4217-868E-050970F7ACEB}.Debug|ARM.ActiveCfg = Debug|x64
		{8A06ED40-1CEA-4217-868E-050970F7ACEB}.Debug|ARM.Build.0 = Debug|x64
		{8A06ED40-1CEA-4217-868E-050970F7ACEB}.Debug|ARM64.ActiveCfg = Debug|x64
		{8A06ED40-1CEA-4217-868E-050970F7ACEB}.Debug|ARM64.Build.0 = Debug|x64
		{8A06ED40-1CEA-4217-868E-050970F7ACEB}.Debug|x64.ActiveCfg = Debug|x64
		{8A06ED40-1CEA-4217-868E-050970F7ACEB}.Debug|x64.Build.0 = Debug|x64
		{8A06ED40-1CEA-4217-868E-050970F7ACEB}.Debug|x86.ActiveCfg = Debug|Win32
		{8A06ED40-1CEA-4217-868E-050970F7ACEB}.Debug|x86.Build.0 = Debug|Win32
		{8A06ED40-1CEA-4217-868E-050970F7ACEB}.Release|Any CPU.ActiveCfg = Release|x64
		{8A06ED40-1CEA-4217-868E-050970F7ACEB}.Release|Any CPU.Build.0 = Release|x64
		{8A06ED40-1CEA-4217-868E-050970F7ACEB}.Release|ARM.ActiveCfg = Release|x64
		{8A06ED40-1CEA-4217-868E-050970F7ACEB}.Release|ARM.Build.0 = Release|x64
		{8A06ED40-1CEA-4217-868E-050970F7ACEB}.Release|ARM64.ActiveCfg = Release|x64
		{8A06ED40-1CEA-4217-868E-050970F7ACEB}.Release|ARM64.Build.0 = Release|x64
		{8A06ED40-1CEA-4217-868E-050970F7ACEB}.Release|x64.ActiveCfg = Release|x64
		{8A06ED40-1CEA-4217-868E-050970F7ACEB}.Release|x64.Build.0 = Release|x64
		{8A06ED40-1CEA-4217-868E-050970F7ACEB}.Release|x86.ActiveCfg = Release|Win32
		{8A06ED40-1CEA-4217-868E-050970F7ACEB}.Release|x86.Build.0 = Release|Win32
		{9F1E9996-58AA-4148-A809-2E12D67D236B}.Debug|Any CPU.ActiveCfg = Debug|x64
		{9F1E9996-58AA-4148-A809-2E12D67D236B}.Debug|Any CPU.Build.0 = Debug|x64
		{9F1E9996-58AA-4148-A809-2E12D67D236B}.Debug|Any CPU.Deploy.0 = Debug|x64
		{9F1E9996-58AA-4148-A809-2E12D67D236B}.Debug|ARM.ActiveCfg = Debug|ARM
		{9F1E9996-58AA-4148-A809-2E12D67D236B}.Debug|ARM.Build.0 = Debug|ARM
		{9F1E9996-58AA-4148-A809-2E12D67D236B}.Debug|ARM.Deploy.0 = Debug|ARM
		{9F1E9996-58AA-4148-A809-2E12D67D236B}.Debug|ARM64.ActiveCfg = Debug|ARM64
		{9F1E9996-58AA-4148-A809-2E12D67D236B}.Debug|ARM64.Build.0 = Debug|ARM64
		{9F1E9996-58AA-4148-A809-2E12D67D236B}.Debug|ARM64.Deploy.0 = Debug|ARM64
		{9F1E9996-58AA-4148-A809-2E12D67D236B}.Debug|x64.ActiveCfg = Debug|x64
		{9F1E9996-58AA-4148-A809-2E12D67D236B}.Debug|x64.Build.0 = Debug|x64
		{9F1E9996-58AA-4148-A809-2E12D67D236B}.Debug|x64.Deploy.0 = Debug|x64
		{9F1E9996-58AA-4148-A809-2E12D67D236B}.Debug|x86.ActiveCfg = Debug|x86
		{9F1E9996-58AA-4148-A809-2E12D67D236B}.Debug|x86.Build.0 = Debug|x86
		{9F1E9996-58AA-4148-A809-2E12D67D236B}.Debug|x86.Deploy.0 = Debug|x86
		{9F1E9996-58AA-4148-A809-2E12D67D236B}.Release|Any CPU.ActiveCfg = Release|x64
		{9F1E9996-58AA-4148-A809-2E12D67D236B}.Release|Any CPU.Build.0 = Release|x64
		{9F1E9996-58AA-4148-A809-2E12D67D236B}.Release|Any CPU.Deploy.0 = Release|x64
		{9F1E9996-58AA-4148-A809-2E12D67D236B}.Release|ARM.ActiveCfg = Release|ARM
		{9F1E9996-58AA-4148-A809-2E12D67D236B}.Release|ARM.Build.0 = Release|ARM
		{9F1E9996-58AA-4148-A809-2E12D67D236B}.Release|ARM.Deploy.0 = Release|ARM
		{9F1E9996-58AA-4148-A809-2E12D67D236B}.Release|ARM64.ActiveCfg = Release|ARM64
		{9F1E9996-58AA-4148-A809-2E12D67D236B}.Release|ARM64.Build.0 = Release|ARM64
		{9F1E9996-58AA-4148-A809-2E12D67D236B}.Release|ARM64.Deploy.0 = Release|ARM64
		{9F1E9996-58AA-4148-A809-2E12D67D236B}.Release|x64.ActiveCfg = Release|x64
		{9F1E9996-58AA-4148-A809-2E12D67D236B}.Release|x64.Build.0 = Release|x64
		{9F1E9996-58AA-4148-A809-2E12D67D236B}.Release|x64.Deploy.0 = Release|x64
		{9F1E9996-58AA-4148-A809-2E12D67D236B}.Release|x86.ActiveCfg = Release|x86
		{9F1E9996-58AA-4148-A809-2E12D67D236B}.Release|x86.Build.0 = Release|x86
		{9F1E9996-58AA-4148-A809-2E12D67D236B}.Release|x86.Deploy.0 = Release|x86
		{12503268-DD9B-4A68-B53C-EDCD71F2D485}.Debug|Any CPU.ActiveCfg = Debug|Any CPU
		{12503268-DD9B-4A68-B53C-EDCD71F2D485}.Debug|Any CPU.Build.0 = Debug|Any CPU
		{12503268-DD9B-4A68-B53C-EDCD71F2D485}.Debug|ARM.ActiveCfg = Debug|Any CPU
		{12503268-DD9B-4A68-B53C-EDCD71F2D485}.Debug|ARM.Build.0 = Debug|Any CPU
		{12503268-DD9B-4A68-B53C-EDCD71F2D485}.Debug|ARM64.ActiveCfg = Debug|Any CPU
		{12503268-DD9B-4A68-B53C-EDCD71F2D485}.Debug|ARM64.Build.0 = Debug|Any CPU
		{12503268-DD9B-4A68-B53C-EDCD71F2D485}.Debug|x64.ActiveCfg = Debug|Any CPU
		{12503268-DD9B-4A68-B53C-EDCD71F2D485}.Debug|x64.Build.0 = Debug|Any CPU
		{12503268-DD9B-4A68-B53C-EDCD71F2D485}.Debug|x86.ActiveCfg = Debug|Any CPU
		{12503268-DD9B-4A68-B53C-EDCD71F2D485}.Debug|x86.Build.0 = Debug|Any CPU
		{12503268-DD9B-4A68-B53C-EDCD71F2D485}.Release|Any CPU.ActiveCfg = Release|Any CPU
		{12503268-DD9B-4A68-B53C-EDCD71F2D485}.Release|Any CPU.Build.0 = Release|Any CPU
		{12503268-DD9B-4A68-B53C-EDCD71F2D485}.Release|ARM.ActiveCfg = Release|Any CPU
		{12503268-DD9B-4A68-B53C-EDCD71F2D485}.Release|ARM.Build.0 = Release|Any CPU
		{12503268-DD9B-4A68-B53C-EDCD71F2D485}.Release|ARM64.ActiveCfg = Release|Any CPU
		{12503268-DD9B-4A68-B53C-EDCD71F2D485}.Release|ARM64.Build.0 = Release|Any CPU
		{12503268-DD9B-4A68-B53C-EDCD71F2D485}.Release|x64.ActiveCfg = Release|Any CPU
		{12503268-DD9B-4A68-B53C-EDCD71F2D485}.Release|x64.Build.0 = Release|Any CPU
		{12503268-DD9B-4A68-B53C-EDCD71F2D485}.Release|x86.ActiveCfg = Release|Any CPU
		{12503268-DD9B-4A68-B53C-EDCD71F2D485}.Release|x86.Build.0 = Release|Any CPU
		{6E9F5946-AA92-4B5C-9FBD-5DCB68D6B47D}.Debug|Any CPU.ActiveCfg = Debug|Any CPU
		{6E9F5946-AA92-4B5C-9FBD-5DCB68D6B47D}.Debug|Any CPU.Build.0 = Debug|Any CPU
		{6E9F5946-AA92-4B5C-9FBD-5DCB68D6B47D}.Debug|ARM.ActiveCfg = Debug|Any CPU
		{6E9F5946-AA92-4B5C-9FBD-5DCB68D6B47D}.Debug|ARM.Build.0 = Debug|Any CPU
		{6E9F5946-AA92-4B5C-9FBD-5DCB68D6B47D}.Debug|ARM64.ActiveCfg = Debug|Any CPU
		{6E9F5946-AA92-4B5C-9FBD-5DCB68D6B47D}.Debug|ARM64.Build.0 = Debug|Any CPU
		{6E9F5946-AA92-4B5C-9FBD-5DCB68D6B47D}.Debug|x64.ActiveCfg = Debug|Any CPU
		{6E9F5946-AA92-4B5C-9FBD-5DCB68D6B47D}.Debug|x64.Build.0 = Debug|Any CPU
		{6E9F5946-AA92-4B5C-9FBD-5DCB68D6B47D}.Debug|x86.ActiveCfg = Debug|Any CPU
		{6E9F5946-AA92-4B5C-9FBD-5DCB68D6B47D}.Debug|x86.Build.0 = Debug|Any CPU
		{6E9F5946-AA92-4B5C-9FBD-5DCB68D6B47D}.Release|Any CPU.ActiveCfg = Release|Any CPU
		{6E9F5946-AA92-4B5C-9FBD-5DCB68D6B47D}.Release|Any CPU.Build.0 = Release|Any CPU
		{6E9F5946-AA92-4B5C-9FBD-5DCB68D6B47D}.Release|ARM.ActiveCfg = Release|Any CPU
		{6E9F5946-AA92-4B5C-9FBD-5DCB68D6B47D}.Release|ARM.Build.0 = Release|Any CPU
		{6E9F5946-AA92-4B5C-9FBD-5DCB68D6B47D}.Release|ARM64.ActiveCfg = Release|Any CPU
		{6E9F5946-AA92-4B5C-9FBD-5DCB68D6B47D}.Release|ARM64.Build.0 = Release|Any CPU
		{6E9F5946-AA92-4B5C-9FBD-5DCB68D6B47D}.Release|x64.ActiveCfg = Release|Any CPU
		{6E9F5946-AA92-4B5C-9FBD-5DCB68D6B47D}.Release|x64.Build.0 = Release|Any CPU
		{6E9F5946-AA92-4B5C-9FBD-5DCB68D6B47D}.Release|x86.ActiveCfg = Release|Any CPU
		{6E9F5946-AA92-4B5C-9FBD-5DCB68D6B47D}.Release|x86.Build.0 = Release|Any CPU
		{F069422D-992B-4979-922A-D29C19673570}.Debug|Any CPU.ActiveCfg = Debug|Any CPU
		{F069422D-992B-4979-922A-D29C19673570}.Debug|Any CPU.Build.0 = Debug|Any CPU
		{F069422D-992B-4979-922A-D29C19673570}.Debug|ARM.ActiveCfg = Debug|Any CPU
		{F069422D-992B-4979-922A-D29C19673570}.Debug|ARM.Build.0 = Debug|Any CPU
		{F069422D-992B-4979-922A-D29C19673570}.Debug|ARM64.ActiveCfg = Debug|Any CPU
		{F069422D-992B-4979-922A-D29C19673570}.Debug|ARM64.Build.0 = Debug|Any CPU
		{F069422D-992B-4979-922A-D29C19673570}.Debug|x64.ActiveCfg = Debug|Any CPU
		{F069422D-992B-4979-922A-D29C19673570}.Debug|x64.Build.0 = Debug|Any CPU
		{F069422D-992B-4979-922A-D29C19673570}.Debug|x86.ActiveCfg = Debug|Any CPU
		{F069422D-992B-4979-922A-D29C19673570}.Debug|x86.Build.0 = Debug|Any CPU
		{F069422D-992B-4979-922A-D29C19673570}.Release|Any CPU.ActiveCfg = Release|Any CPU
		{F069422D-992B-4979-922A-D29C19673570}.Release|Any CPU.Build.0 = Release|Any CPU
		{F069422D-992B-4979-922A-D29C19673570}.Release|ARM.ActiveCfg = Release|Any CPU
		{F069422D-992B-4979-922A-D29C19673570}.Release|ARM.Build.0 = Release|Any CPU
		{F069422D-992B-4979-922A-D29C19673570}.Release|ARM64.ActiveCfg = Release|Any CPU
		{F069422D-992B-4979-922A-D29C19673570}.Release|ARM64.Build.0 = Release|Any CPU
		{F069422D-992B-4979-922A-D29C19673570}.Release|x64.ActiveCfg = Release|Any CPU
		{F069422D-992B-4979-922A-D29C19673570}.Release|x64.Build.0 = Release|Any CPU
		{F069422D-992B-4979-922A-D29C19673570}.Release|x86.ActiveCfg = Release|Any CPU
		{F069422D-992B-4979-922A-D29C19673570}.Release|x86.Build.0 = Release|Any CPU
	EndGlobalSection
	GlobalSection(SolutionProperties) = preSolution
		HideSolutionNode = FALSE
	EndGlobalSection
	GlobalSection(ExtensibilityGlobals) = postSolution
		SolutionGuid = {794EDF45-630F-412F-BED8-E88C0EA33CBE}
	EndGlobalSection
EndGlobal
